// !$*UTF8*$!
{
	archiveVersion = 1;
	classes = {
	};
	objectVersion = 56;
	objects = {

/* Begin PBXBuildFile section */
		F61F8C282A4B74FC00D64D8B /* SettingsView.swift in Sources */ = {isa = PBXBuildFile; fileRef = F61F8C272A4B74FC00D64D8B /* SettingsView.swift */; };
		F63242222A27BEB200B3FD71 /* FavouritesView.swift in Sources */ = {isa = PBXBuildFile; fileRef = F63242212A27BEB200B3FD71 /* FavouritesView.swift */; };
		F63242242A28982800B3FD71 /* ProjectsManager.swift in Sources */ = {isa = PBXBuildFile; fileRef = F63242232A28982800B3FD71 /* ProjectsManager.swift */; };
		F63242282A289F4C00B3FD71 /* ProjectsModel.swift in Sources */ = {isa = PBXBuildFile; fileRef = F63242272A289F4C00B3FD71 /* ProjectsModel.swift */; };
		F632422A2A28AC8C00B3FD71 /* CardView.swift in Sources */ = {isa = PBXBuildFile; fileRef = F63242292A28AC8C00B3FD71 /* CardView.swift */; };
		F632422C2A28B49600B3FD71 /* Extensions.swift in Sources */ = {isa = PBXBuildFile; fileRef = F632422B2A28B49600B3FD71 /* Extensions.swift */; };
		F632422E2A28DD3600B3FD71 /* ProjectView.swift in Sources */ = {isa = PBXBuildFile; fileRef = F632422D2A28DD3600B3FD71 /* ProjectView.swift */; };
		F66AA1FF2A2746DC003BB996 /* ProjectXApp.swift in Sources */ = {isa = PBXBuildFile; fileRef = F66AA1FE2A2746DC003BB996 /* ProjectXApp.swift */; };
		F66AA2012A2746DC003BB996 /* ContentView.swift in Sources */ = {isa = PBXBuildFile; fileRef = F66AA2002A2746DC003BB996 /* ContentView.swift */; };
		F66AA2032A2746DD003BB996 /* Assets.xcassets in Resources */ = {isa = PBXBuildFile; fileRef = F66AA2022A2746DD003BB996 /* Assets.xcassets */; };
		F66AA2062A2746DD003BB996 /* Preview Assets.xcassets in Resources */ = {isa = PBXBuildFile; fileRef = F66AA2052A2746DD003BB996 /* Preview Assets.xcassets */; };
		F66AA2102A2746DD003BB996 /* ProjectXTests.swift in Sources */ = {isa = PBXBuildFile; fileRef = F66AA20F2A2746DD003BB996 /* ProjectXTests.swift */; };
		F66AA21A2A2746DD003BB996 /* ProjectXUITests.swift in Sources */ = {isa = PBXBuildFile; fileRef = F66AA2192A2746DD003BB996 /* ProjectXUITests.swift */; };
		F66AA21C2A2746DD003BB996 /* ProjectXUITestsLaunchTests.swift in Sources */ = {isa = PBXBuildFile; fileRef = F66AA21B2A2746DD003BB996 /* ProjectXUITestsLaunchTests.swift */; };
		F66AA22B2A27477A003BB996 /* HomeView.swift in Sources */ = {isa = PBXBuildFile; fileRef = F66AA22A2A27477A003BB996 /* HomeView.swift */; };
		F66AA22D2A274CB0003BB996 /* Utils.swift in Sources */ = {isa = PBXBuildFile; fileRef = F66AA22C2A274CB0003BB996 /* Utils.swift */; };
		F69454AB2A488D9100CDA6B4 /* AllProjectIdeasView.swift in Sources */ = {isa = PBXBuildFile; fileRef = F69454AA2A488D9100CDA6B4 /* AllProjectIdeasView.swift */; };
/* End PBXBuildFile section */

/* Begin PBXContainerItemProxy section */
		F66AA20C2A2746DD003BB996 /* PBXContainerItemProxy */ = {
			isa = PBXContainerItemProxy;
			containerPortal = F66AA1F32A2746DC003BB996 /* Project object */;
			proxyType = 1;
			remoteGlobalIDString = F66AA1FA2A2746DC003BB996;
			remoteInfo = ProjectX;
		};
		F66AA2162A2746DD003BB996 /* PBXContainerItemProxy */ = {
			isa = PBXContainerItemProxy;
			containerPortal = F66AA1F32A2746DC003BB996 /* Project object */;
			proxyType = 1;
			remoteGlobalIDString = F66AA1FA2A2746DC003BB996;
			remoteInfo = ProjectX;
		};
/* End PBXContainerItemProxy section */

/* Begin PBXFileReference section */
		F61F8C272A4B74FC00D64D8B /* SettingsView.swift */ = {isa = PBXFileReference; lastKnownFileType = sourcecode.swift; path = SettingsView.swift; sourceTree = "<group>"; };
		F63242212A27BEB200B3FD71 /* FavouritesView.swift */ = {isa = PBXFileReference; lastKnownFileType = sourcecode.swift; path = FavouritesView.swift; sourceTree = "<group>"; };
		F63242232A28982800B3FD71 /* ProjectsManager.swift */ = {isa = PBXFileReference; lastKnownFileType = sourcecode.swift; path = ProjectsManager.swift; sourceTree = "<group>"; };
		F63242272A289F4C00B3FD71 /* ProjectsModel.swift */ = {isa = PBXFileReference; lastKnownFileType = sourcecode.swift; path = ProjectsModel.swift; sourceTree = "<group>"; };
		F63242292A28AC8C00B3FD71 /* CardView.swift */ = {isa = PBXFileReference; lastKnownFileType = sourcecode.swift; path = CardView.swift; sourceTree = "<group>"; };
		F632422B2A28B49600B3FD71 /* Extensions.swift */ = {isa = PBXFileReference; lastKnownFileType = sourcecode.swift; path = Extensions.swift; sourceTree = "<group>"; };
		F632422D2A28DD3600B3FD71 /* ProjectView.swift */ = {isa = PBXFileReference; lastKnownFileType = sourcecode.swift; path = ProjectView.swift; sourceTree = "<group>"; };
		F66AA1FB2A2746DC003BB996 /* ProjectX.app */ = {isa = PBXFileReference; explicitFileType = wrapper.application; includeInIndex = 0; path = ProjectX.app; sourceTree = BUILT_PRODUCTS_DIR; };
		F66AA1FE2A2746DC003BB996 /* ProjectXApp.swift */ = {isa = PBXFileReference; lastKnownFileType = sourcecode.swift; path = ProjectXApp.swift; sourceTree = "<group>"; };
		F66AA2002A2746DC003BB996 /* ContentView.swift */ = {isa = PBXFileReference; lastKnownFileType = sourcecode.swift; path = ContentView.swift; sourceTree = "<group>"; };
		F66AA2022A2746DD003BB996 /* Assets.xcassets */ = {isa = PBXFileReference; lastKnownFileType = folder.assetcatalog; path = Assets.xcassets; sourceTree = "<group>"; };
		F66AA2052A2746DD003BB996 /* Preview Assets.xcassets */ = {isa = PBXFileReference; lastKnownFileType = folder.assetcatalog; path = "Preview Assets.xcassets"; sourceTree = "<group>"; };
		F66AA20B2A2746DD003BB996 /* ProjectXTests.xctest */ = {isa = PBXFileReference; explicitFileType = wrapper.cfbundle; includeInIndex = 0; path = ProjectXTests.xctest; sourceTree = BUILT_PRODUCTS_DIR; };
		F66AA20F2A2746DD003BB996 /* ProjectXTests.swift */ = {isa = PBXFileReference; lastKnownFileType = sourcecode.swift; path = ProjectXTests.swift; sourceTree = "<group>"; };
		F66AA2152A2746DD003BB996 /* ProjectXUITests.xctest */ = {isa = PBXFileReference; explicitFileType = wrapper.cfbundle; includeInIndex = 0; path = ProjectXUITests.xctest; sourceTree = BUILT_PRODUCTS_DIR; };
		F66AA2192A2746DD003BB996 /* ProjectXUITests.swift */ = {isa = PBXFileReference; lastKnownFileType = sourcecode.swift; path = ProjectXUITests.swift; sourceTree = "<group>"; };
		F66AA21B2A2746DD003BB996 /* ProjectXUITestsLaunchTests.swift */ = {isa = PBXFileReference; lastKnownFileType = sourcecode.swift; path = ProjectXUITestsLaunchTests.swift; sourceTree = "<group>"; };
		F66AA22A2A27477A003BB996 /* HomeView.swift */ = {isa = PBXFileReference; lastKnownFileType = sourcecode.swift; path = HomeView.swift; sourceTree = "<group>"; };
		F66AA22C2A274CB0003BB996 /* Utils.swift */ = {isa = PBXFileReference; lastKnownFileType = sourcecode.swift; path = Utils.swift; sourceTree = "<group>"; };
		F69454AA2A488D9100CDA6B4 /* AllProjectIdeasView.swift */ = {isa = PBXFileReference; lastKnownFileType = sourcecode.swift; path = AllProjectIdeasView.swift; sourceTree = "<group>"; };
/* End PBXFileReference section */

/* Begin PBXFrameworksBuildPhase section */
		F66AA1F82A2746DC003BB996 /* Frameworks */ = {
			isa = PBXFrameworksBuildPhase;
			buildActionMask = 2147483647;
			files = (
			);
			runOnlyForDeploymentPostprocessing = 0;
		};
		F66AA2082A2746DD003BB996 /* Frameworks */ = {
			isa = PBXFrameworksBuildPhase;
			buildActionMask = 2147483647;
			files = (
			);
			runOnlyForDeploymentPostprocessing = 0;
		};
		F66AA2122A2746DD003BB996 /* Frameworks */ = {
			isa = PBXFrameworksBuildPhase;
			buildActionMask = 2147483647;
			files = (
			);
			runOnlyForDeploymentPostprocessing = 0;
		};
/* End PBXFrameworksBuildPhase section */

/* Begin PBXGroup section */
		F66AA1F22A2746DC003BB996 = {
			isa = PBXGroup;
			children = (
				F66AA1FD2A2746DC003BB996 /* ProjectX */,
				F66AA20E2A2746DD003BB996 /* ProjectXTests */,
				F66AA2182A2746DD003BB996 /* ProjectXUITests */,
				F66AA1FC2A2746DC003BB996 /* Products */,
			);
			sourceTree = "<group>";
		};
		F66AA1FC2A2746DC003BB996 /* Products */ = {
			isa = PBXGroup;
			children = (
				F66AA1FB2A2746DC003BB996 /* ProjectX.app */,
				F66AA20B2A2746DD003BB996 /* ProjectXTests.xctest */,
				F66AA2152A2746DD003BB996 /* ProjectXUITests.xctest */,
			);
			name = Products;
			sourceTree = "<group>";
		};
		F66AA1FD2A2746DC003BB996 /* ProjectX */ = {
			isa = PBXGroup;
			children = (
				F61F8C272A4B74FC00D64D8B /* SettingsView.swift */,
				F66AA1FE2A2746DC003BB996 /* ProjectXApp.swift */,
				F66AA2002A2746DC003BB996 /* ContentView.swift */,
				F69454AA2A488D9100CDA6B4 /* AllProjectIdeasView.swift */,
				F632422D2A28DD3600B3FD71 /* ProjectView.swift */,
				F63242212A27BEB200B3FD71 /* FavouritesView.swift */,
				F66AA22A2A27477A003BB996 /* HomeView.swift */,
				F632422B2A28B49600B3FD71 /* Extensions.swift */,
				F63242292A28AC8C00B3FD71 /* CardView.swift */,
				F63242232A28982800B3FD71 /* ProjectsManager.swift */,
				F63242272A289F4C00B3FD71 /* ProjectsModel.swift */,
				F66AA22C2A274CB0003BB996 /* Utils.swift */,
				F66AA2022A2746DD003BB996 /* Assets.xcassets */,
				F66AA2042A2746DD003BB996 /* Preview Content */,
			);
			path = ProjectX;
			sourceTree = "<group>";
		};
		F66AA2042A2746DD003BB996 /* Preview Content */ = {
			isa = PBXGroup;
			children = (
				F66AA2052A2746DD003BB996 /* Preview Assets.xcassets */,
			);
			path = "Preview Content";
			sourceTree = "<group>";
		};
		F66AA20E2A2746DD003BB996 /* ProjectXTests */ = {
			isa = PBXGroup;
			children = (
				F66AA20F2A2746DD003BB996 /* ProjectXTests.swift */,
			);
			path = ProjectXTests;
			sourceTree = "<group>";
		};
		F66AA2182A2746DD003BB996 /* ProjectXUITests */ = {
			isa = PBXGroup;
			children = (
				F66AA2192A2746DD003BB996 /* ProjectXUITests.swift */,
				F66AA21B2A2746DD003BB996 /* ProjectXUITestsLaunchTests.swift */,
			);
			path = ProjectXUITests;
			sourceTree = "<group>";
		};
/* End PBXGroup section */

/* Begin PBXNativeTarget section */
		F66AA1FA2A2746DC003BB996 /* ProjectX */ = {
			isa = PBXNativeTarget;
			buildConfigurationList = F66AA21F2A2746DD003BB996 /* Build configuration list for PBXNativeTarget "ProjectX" */;
			buildPhases = (
				F66AA1F72A2746DC003BB996 /* Sources */,
				F66AA1F82A2746DC003BB996 /* Frameworks */,
				F66AA1F92A2746DC003BB996 /* Resources */,
			);
			buildRules = (
			);
			dependencies = (
			);
			name = ProjectX;
			productName = ProjectX;
			productReference = F66AA1FB2A2746DC003BB996 /* ProjectX.app */;
			productType = "com.apple.product-type.application";
		};
		F66AA20A2A2746DD003BB996 /* ProjectXTests */ = {
			isa = PBXNativeTarget;
			buildConfigurationList = F66AA2222A2746DD003BB996 /* Build configuration list for PBXNativeTarget "ProjectXTests" */;
			buildPhases = (
				F66AA2072A2746DD003BB996 /* Sources */,
				F66AA2082A2746DD003BB996 /* Frameworks */,
				F66AA2092A2746DD003BB996 /* Resources */,
			);
			buildRules = (
			);
			dependencies = (
				F66AA20D2A2746DD003BB996 /* PBXTargetDependency */,
			);
			name = ProjectXTests;
			productName = ProjectXTests;
			productReference = F66AA20B2A2746DD003BB996 /* ProjectXTests.xctest */;
			productType = "com.apple.product-type.bundle.unit-test";
		};
		F66AA2142A2746DD003BB996 /* ProjectXUITests */ = {
			isa = PBXNativeTarget;
			buildConfigurationList = F66AA2252A2746DD003BB996 /* Build configuration list for PBXNativeTarget "ProjectXUITests" */;
			buildPhases = (
				F66AA2112A2746DD003BB996 /* Sources */,
				F66AA2122A2746DD003BB996 /* Frameworks */,
				F66AA2132A2746DD003BB996 /* Resources */,
			);
			buildRules = (
			);
			dependencies = (
				F66AA2172A2746DD003BB996 /* PBXTargetDependency */,
			);
			name = ProjectXUITests;
			productName = ProjectXUITests;
			productReference = F66AA2152A2746DD003BB996 /* ProjectXUITests.xctest */;
			productType = "com.apple.product-type.bundle.ui-testing";
		};
/* End PBXNativeTarget section */

/* Begin PBXProject section */
		F66AA1F32A2746DC003BB996 /* Project object */ = {
			isa = PBXProject;
			attributes = {
				BuildIndependentTargetsInParallel = 1;
				LastSwiftUpdateCheck = 1430;
				LastUpgradeCheck = 1430;
				TargetAttributes = {
					F66AA1FA2A2746DC003BB996 = {
						CreatedOnToolsVersion = 14.3;
					};
					F66AA20A2A2746DD003BB996 = {
						CreatedOnToolsVersion = 14.3;
						TestTargetID = F66AA1FA2A2746DC003BB996;
					};
					F66AA2142A2746DD003BB996 = {
						CreatedOnToolsVersion = 14.3;
						TestTargetID = F66AA1FA2A2746DC003BB996;
					};
				};
			};
			buildConfigurationList = F66AA1F62A2746DC003BB996 /* Build configuration list for PBXProject "ProjectX" */;
			compatibilityVersion = "Xcode 14.0";
			developmentRegion = en;
			hasScannedForEncodings = 0;
			knownRegions = (
				en,
				Base,
			);
			mainGroup = F66AA1F22A2746DC003BB996;
			productRefGroup = F66AA1FC2A2746DC003BB996 /* Products */;
			projectDirPath = "";
			projectRoot = "";
			targets = (
				F66AA1FA2A2746DC003BB996 /* ProjectX */,
				F66AA20A2A2746DD003BB996 /* ProjectXTests */,
				F66AA2142A2746DD003BB996 /* ProjectXUITests */,
			);
		};
/* End PBXProject section */

/* Begin PBXResourcesBuildPhase section */
		F66AA1F92A2746DC003BB996 /* Resources */ = {
			isa = PBXResourcesBuildPhase;
			buildActionMask = 2147483647;
			files = (
				F66AA2062A2746DD003BB996 /* Preview Assets.xcassets in Resources */,
				F66AA2032A2746DD003BB996 /* Assets.xcassets in Resources */,
			);
			runOnlyForDeploymentPostprocessing = 0;
		};
		F66AA2092A2746DD003BB996 /* Resources */ = {
			isa = PBXResourcesBuildPhase;
			buildActionMask = 2147483647;
			files = (
			);
			runOnlyForDeploymentPostprocessing = 0;
		};
		F66AA2132A2746DD003BB996 /* Resources */ = {
			isa = PBXResourcesBuildPhase;
			buildActionMask = 2147483647;
			files = (
			);
			runOnlyForDeploymentPostprocessing = 0;
		};
/* End PBXResourcesBuildPhase section */

/* Begin PBXSourcesBuildPhase section */
		F66AA1F72A2746DC003BB996 /* Sources */ = {
			isa = PBXSourcesBuildPhase;
			buildActionMask = 2147483647;
			files = (
				F66AA22B2A27477A003BB996 /* HomeView.swift in Sources */,
				F632422C2A28B49600B3FD71 /* Extensions.swift in Sources */,
				F632422E2A28DD3600B3FD71 /* ProjectView.swift in Sources */,
				F66AA2012A2746DC003BB996 /* ContentView.swift in Sources */,
				F63242282A289F4C00B3FD71 /* ProjectsModel.swift in Sources */,
				F66AA1FF2A2746DC003BB996 /* ProjectXApp.swift in Sources */,
				F63242222A27BEB200B3FD71 /* FavouritesView.swift in Sources */,
				F66AA22D2A274CB0003BB996 /* Utils.swift in Sources */,
				F632422A2A28AC8C00B3FD71 /* CardView.swift in Sources */,
				F61F8C282A4B74FC00D64D8B /* SettingsView.swift in Sources */,
				F63242242A28982800B3FD71 /* ProjectsManager.swift in Sources */,
				F69454AB2A488D9100CDA6B4 /* AllProjectIdeasView.swift in Sources */,
			);
			runOnlyForDeploymentPostprocessing = 0;
		};
		F66AA2072A2746DD003BB996 /* Sources */ = {
			isa = PBXSourcesBuildPhase;
			buildActionMask = 2147483647;
			files = (
				F66AA2102A2746DD003BB996 /* ProjectXTests.swift in Sources */,
			);
			runOnlyForDeploymentPostprocessing = 0;
		};
		F66AA2112A2746DD003BB996 /* Sources */ = {
			isa = PBXSourcesBuildPhase;
			buildActionMask = 2147483647;
			files = (
				F66AA21C2A2746DD003BB996 /* ProjectXUITestsLaunchTests.swift in Sources */,
				F66AA21A2A2746DD003BB996 /* ProjectXUITests.swift in Sources */,
			);
			runOnlyForDeploymentPostprocessing = 0;
		};
/* End PBXSourcesBuildPhase section */

/* Begin PBXTargetDependency section */
		F66AA20D2A2746DD003BB996 /* PBXTargetDependency */ = {
			isa = PBXTargetDependency;
			target = F66AA1FA2A2746DC003BB996 /* ProjectX */;
			targetProxy = F66AA20C2A2746DD003BB996 /* PBXContainerItemProxy */;
		};
		F66AA2172A2746DD003BB996 /* PBXTargetDependency */ = {
			isa = PBXTargetDependency;
			target = F66AA1FA2A2746DC003BB996 /* ProjectX */;
			targetProxy = F66AA2162A2746DD003BB996 /* PBXContainerItemProxy */;
		};
/* End PBXTargetDependency section */

/* Begin XCBuildConfiguration section */
		F66AA21D2A2746DD003BB996 /* Debug */ = {
			isa = XCBuildConfiguration;
			buildSettings = {
				ALWAYS_SEARCH_USER_PATHS = NO;
				CLANG_ANALYZER_NONNULL = YES;
				CLANG_ANALYZER_NUMBER_OBJECT_CONVERSION = YES_AGGRESSIVE;
				CLANG_CXX_LANGUAGE_STANDARD = "gnu++20";
				CLANG_ENABLE_MODULES = YES;
				CLANG_ENABLE_OBJC_ARC = YES;
				CLANG_ENABLE_OBJC_WEAK = YES;
				CLANG_WARN_BLOCK_CAPTURE_AUTORELEASING = YES;
				CLANG_WARN_BOOL_CONVERSION = YES;
				CLANG_WARN_COMMA = YES;
				CLANG_WARN_CONSTANT_CONVERSION = YES;
				CLANG_WARN_DEPRECATED_OBJC_IMPLEMENTATIONS = YES;
				CLANG_WARN_DIRECT_OBJC_ISA_USAGE = YES_ERROR;
				CLANG_WARN_DOCUMENTATION_COMMENTS = YES;
				CLANG_WARN_EMPTY_BODY = YES;
				CLANG_WARN_ENUM_CONVERSION = YES;
				CLANG_WARN_INFINITE_RECURSION = YES;
				CLANG_WARN_INT_CONVERSION = YES;
				CLANG_WARN_NON_LITERAL_NULL_CONVERSION = YES;
				CLANG_WARN_OBJC_IMPLICIT_RETAIN_SELF = YES;
				CLANG_WARN_OBJC_LITERAL_CONVERSION = YES;
				CLANG_WARN_OBJC_ROOT_CLASS = YES_ERROR;
				CLANG_WARN_QUOTED_INCLUDE_IN_FRAMEWORK_HEADER = YES;
				CLANG_WARN_RANGE_LOOP_ANALYSIS = YES;
				CLANG_WARN_STRICT_PROTOTYPES = YES;
				CLANG_WARN_SUSPICIOUS_MOVE = YES;
				CLANG_WARN_UNGUARDED_AVAILABILITY = YES_AGGRESSIVE;
				CLANG_WARN_UNREACHABLE_CODE = YES;
				CLANG_WARN__DUPLICATE_METHOD_MATCH = YES;
				COPY_PHASE_STRIP = NO;
				DEBUG_INFORMATION_FORMAT = dwarf;
				ENABLE_STRICT_OBJC_MSGSEND = YES;
				ENABLE_TESTABILITY = YES;
				GCC_C_LANGUAGE_STANDARD = gnu11;
				GCC_DYNAMIC_NO_PIC = NO;
				GCC_NO_COMMON_BLOCKS = YES;
				GCC_OPTIMIZATION_LEVEL = 0;
				GCC_PREPROCESSOR_DEFINITIONS = (
					"DEBUG=1",
					"$(inherited)",
				);
				GCC_WARN_64_TO_32_BIT_CONVERSION = YES;
				GCC_WARN_ABOUT_RETURN_TYPE = YES_ERROR;
				GCC_WARN_UNDECLARED_SELECTOR = YES;
				GCC_WARN_UNINITIALIZED_AUTOS = YES_AGGRESSIVE;
				GCC_WARN_UNUSED_FUNCTION = YES;
				GCC_WARN_UNUSED_VARIABLE = YES;
				IPHONEOS_DEPLOYMENT_TARGET = 16.4;
				MTL_ENABLE_DEBUG_INFO = INCLUDE_SOURCE;
				MTL_FAST_MATH = YES;
				ONLY_ACTIVE_ARCH = YES;
				SDKROOT = iphoneos;
				SWIFT_ACTIVE_COMPILATION_CONDITIONS = DEBUG;
				SWIFT_OPTIMIZATION_LEVEL = "-Onone";
			};
			name = Debug;
		};
		F66AA21E2A2746DD003BB996 /* Release */ = {
			isa = XCBuildConfiguration;
			buildSettings = {
				ALWAYS_SEARCH_USER_PATHS = NO;
				CLANG_ANALYZER_NONNULL = YES;
				CLANG_ANALYZER_NUMBER_OBJECT_CONVERSION = YES_AGGRESSIVE;
				CLANG_CXX_LANGUAGE_STANDARD = "gnu++20";
				CLANG_ENABLE_MODULES = YES;
				CLANG_ENABLE_OBJC_ARC = YES;
				CLANG_ENABLE_OBJC_WEAK = YES;
				CLANG_WARN_BLOCK_CAPTURE_AUTORELEASING = YES;
				CLANG_WARN_BOOL_CONVERSION = YES;
				CLANG_WARN_COMMA = YES;
				CLANG_WARN_CONSTANT_CONVERSION = YES;
				CLANG_WARN_DEPRECATED_OBJC_IMPLEMENTATIONS = YES;
				CLANG_WARN_DIRECT_OBJC_ISA_USAGE = YES_ERROR;
				CLANG_WARN_DOCUMENTATION_COMMENTS = YES;
				CLANG_WARN_EMPTY_BODY = YES;
				CLANG_WARN_ENUM_CONVERSION = YES;
				CLANG_WARN_INFINITE_RECURSION = YES;
				CLANG_WARN_INT_CONVERSION = YES;
				CLANG_WARN_NON_LITERAL_NULL_CONVERSION = YES;
				CLANG_WARN_OBJC_IMPLICIT_RETAIN_SELF = YES;
				CLANG_WARN_OBJC_LITERAL_CONVERSION = YES;
				CLANG_WARN_OBJC_ROOT_CLASS = YES_ERROR;
				CLANG_WARN_QUOTED_INCLUDE_IN_FRAMEWORK_HEADER = YES;
				CLANG_WARN_RANGE_LOOP_ANALYSIS = YES;
				CLANG_WARN_STRICT_PROTOTYPES = YES;
				CLANG_WARN_SUSPICIOUS_MOVE = YES;
				CLANG_WARN_UNGUARDED_AVAILABILITY = YES_AGGRESSIVE;
				CLANG_WARN_UNREACHABLE_CODE = YES;
				CLANG_WARN__DUPLICATE_METHOD_MATCH = YES;
				COPY_PHASE_STRIP = NO;
				DEBUG_INFORMATION_FORMAT = "dwarf-with-dsym";
				ENABLE_NS_ASSERTIONS = NO;
				ENABLE_STRICT_OBJC_MSGSEND = YES;
				GCC_C_LANGUAGE_STANDARD = gnu11;
				GCC_NO_COMMON_BLOCKS = YES;
				GCC_WARN_64_TO_32_BIT_CONVERSION = YES;
				GCC_WARN_ABOUT_RETURN_TYPE = YES_ERROR;
				GCC_WARN_UNDECLARED_SELECTOR = YES;
				GCC_WARN_UNINITIALIZED_AUTOS = YES_AGGRESSIVE;
				GCC_WARN_UNUSED_FUNCTION = YES;
				GCC_WARN_UNUSED_VARIABLE = YES;
				IPHONEOS_DEPLOYMENT_TARGET = 16.4;
				MTL_ENABLE_DEBUG_INFO = NO;
				MTL_FAST_MATH = YES;
				SDKROOT = iphoneos;
				SWIFT_COMPILATION_MODE = wholemodule;
				SWIFT_OPTIMIZATION_LEVEL = "-O";
				VALIDATE_PRODUCT = YES;
			};
			name = Release;
		};
		F66AA2202A2746DD003BB996 /* Debug */ = {
			isa = XCBuildConfiguration;
			buildSettings = {
				ASSETCATALOG_COMPILER_APPICON_NAME = AppIcon;
				ASSETCATALOG_COMPILER_GLOBAL_ACCENT_COLOR_NAME = AccentColor;
				CODE_SIGN_STYLE = Automatic;
				CURRENT_PROJECT_VERSION = 1;
				DEVELOPMENT_ASSET_PATHS = "\"ProjectX/Preview Content\"";
				DEVELOPMENT_TEAM = 5L4PHUX6F7;
				ENABLE_PREVIEWS = YES;
				GENERATE_INFOPLIST_FILE = YES;
				INFOPLIST_KEY_CFBundleDisplayName = "Project X";
				INFOPLIST_KEY_LSApplicationCategoryType = "public.app-category.developer-tools";
				INFOPLIST_KEY_UIApplicationSceneManifest_Generation = YES;
				INFOPLIST_KEY_UIApplicationSupportsIndirectInputEvents = YES;
				INFOPLIST_KEY_UILaunchScreen_Generation = YES;
				INFOPLIST_KEY_UISupportedInterfaceOrientations = UIInterfaceOrientationPortrait;
				INFOPLIST_KEY_UISupportedInterfaceOrientations_iPad = "UIInterfaceOrientationLandscapeLeft UIInterfaceOrientationLandscapeRight UIInterfaceOrientationPortrait UIInterfaceOrientationPortraitUpsideDown";
				IPHONEOS_DEPLOYMENT_TARGET = 16.0;
				LD_RUNPATH_SEARCH_PATHS = (
					"$(inherited)",
					"@executable_path/Frameworks",
				);
				MARKETING_VERSION = 1.0;
				PRODUCT_BUNDLE_IDENTIFIER = co.hamdivazim.ProjectX;
				PRODUCT_NAME = "$(TARGET_NAME)";
				SWIFT_EMIT_LOC_STRINGS = YES;
				SWIFT_VERSION = 5.0;
				TARGETED_DEVICE_FAMILY = "1,2";
			};
			name = Debug;
		};
		F66AA2212A2746DD003BB996 /* Release */ = {
			isa = XCBuildConfiguration;
			buildSettings = {
				ASSETCATALOG_COMPILER_APPICON_NAME = AppIcon;
				ASSETCATALOG_COMPILER_GLOBAL_ACCENT_COLOR_NAME = AccentColor;
				CODE_SIGN_STYLE = Automatic;
				CURRENT_PROJECT_VERSION = 1;
				DEVELOPMENT_ASSET_PATHS = "\"ProjectX/Preview Content\"";
				DEVELOPMENT_TEAM = 5L4PHUX6F7;
				ENABLE_PREVIEWS = YES;
				GENERATE_INFOPLIST_FILE = YES;
				INFOPLIST_KEY_CFBundleDisplayName = "Project X";
				INFOPLIST_KEY_LSApplicationCategoryType = "public.app-category.developer-tools";
				INFOPLIST_KEY_UIApplicationSceneManifest_Generation = YES;
				INFOPLIST_KEY_UIApplicationSupportsIndirectInputEvents = YES;
				INFOPLIST_KEY_UILaunchScreen_Generation = YES;
				INFOPLIST_KEY_UISupportedInterfaceOrientations = UIInterfaceOrientationPortrait;
				INFOPLIST_KEY_UISupportedInterfaceOrientations_iPad = "UIInterfaceOrientationLandscapeLeft UIInterfaceOrientationLandscapeRight UIInterfaceOrientationPortrait UIInterfaceOrientationPortraitUpsideDown";
				IPHONEOS_DEPLOYMENT_TARGET = 16.0;
				LD_RUNPATH_SEARCH_PATHS = (
					"$(inherited)",
					"@executable_path/Frameworks",
				);
				MARKETING_VERSION = 1.0;
				PRODUCT_BUNDLE_IDENTIFIER = co.hamdivazim.ProjectX;
				PRODUCT_NAME = "$(TARGET_NAME)";
				SWIFT_EMIT_LOC_STRINGS = YES;
				SWIFT_VERSION = 5.0;
				TARGETED_DEVICE_FAMILY = "1,2";
			};
			name = Release;
		};
		F66AA2232A2746DD003BB996 /* Debug */ = {
			isa = XCBuildConfiguration;
			buildSettings = {
				ALWAYS_EMBED_SWIFT_STANDARD_LIBRARIES = YES;
				BUNDLE_LOADER = "$(TEST_HOST)";
				CODE_SIGN_STYLE = Automatic;
				CURRENT_PROJECT_VERSION = 1;
				DEVELOPMENT_TEAM = 5L4PHUX6F7;
				GENERATE_INFOPLIST_FILE = YES;
				IPHONEOS_DEPLOYMENT_TARGET = 16.4;
				MARKETING_VERSION = 1.0;
				PRODUCT_BUNDLE_IDENTIFIER = co.hamdivazim.ProjectXTests;
				PRODUCT_NAME = "$(TARGET_NAME)";
				SWIFT_EMIT_LOC_STRINGS = NO;
				SWIFT_VERSION = 5.0;
				TARGETED_DEVICE_FAMILY = "1,2";
				TEST_HOST = "$(BUILT_PRODUCTS_DIR)/ProjectX.app/$(BUNDLE_EXECUTABLE_FOLDER_PATH)/ProjectX";
			};
			name = Debug;
		};
		F66AA2242A2746DD003BB996 /* Release */ = {
			isa = XCBuildConfiguration;
			buildSettings = {
				ALWAYS_EMBED_SWIFT_STANDARD_LIBRARIES = YES;
				BUNDLE_LOADER = "$(TEST_HOST)";
				CODE_SIGN_STYLE = Automatic;
				CURRENT_PROJECT_VERSION = 1;
				DEVELOPMENT_TEAM = 5L4PHUX6F7;
				GENERATE_INFOPLIST_FILE = YES;
				IPHONEOS_DEPLOYMENT_TARGET = 16.4;
				MARKETING_VERSION = 1.0;
				PRODUCT_BUNDLE_IDENTIFIER = co.hamdivazim.ProjectXTests;
				PRODUCT_NAME = "$(TARGET_NAME)";
				SWIFT_EMIT_LOC_STRINGS = NO;
				SWIFT_VERSION = 5.0;
				TARGETED_DEVICE_FAMILY = "1,2";
				TEST_HOST = "$(BUILT_PRODUCTS_DIR)/ProjectX.app/$(BUNDLE_EXECUTABLE_FOLDER_PATH)/ProjectX";
			};
			name = Release;
		};
		F66AA2262A2746DD003BB996 /* Debug */ = {
			isa = XCBuildConfiguration;
			buildSettings = {
				ALWAYS_EMBED_SWIFT_STANDARD_LIBRARIES = YES;
				CODE_SIGN_STYLE = Automatic;
				CURRENT_PROJECT_VERSION = 1;
				DEVELOPMENT_TEAM = 5L4PHUX6F7;
				GENERATE_INFOPLIST_FILE = YES;
				MARKETING_VERSION = 1.0;
				PRODUCT_BUNDLE_IDENTIFIER = co.hamdivazim.ProjectXUITests;
				PRODUCT_NAME = "$(TARGET_NAME)";
				SWIFT_EMIT_LOC_STRINGS = NO;
				SWIFT_VERSION = 5.0;
				TARGETED_DEVICE_FAMILY = "1,2";
				TEST_TARGET_NAME = ProjectX;
			};
			name = Debug;
		};
		F66AA2272A2746DD003BB996 /* Release */ = {
			isa = XCBuildConfiguration;
			buildSettings = {
				ALWAYS_EMBED_SWIFT_STANDARD_LIBRARIES = YES;
				CODE_SIGN_STYLE = Automatic;
				CURRENT_PROJECT_VERSION = 1;
				DEVELOPMENT_TEAM = 5L4PHUX6F7;
				GENERATE_INFOPLIST_FILE = YES;
				MARKETING_VERSION = 1.0;
				PRODUCT_BUNDLE_IDENTIFIER = co.hamdivazim.ProjectXUITests;
				PRODUCT_NAME = "$(TARGET_NAME)";
				SWIFT_EMIT_LOC_STRINGS = NO;
				SWIFT_VERSION = 5.0;
				TARGETED_DEVICE_FAMILY = "1,2";
				TEST_TARGET_NAME = ProjectX;
			};
			name = Release;
		};
/* End XCBuildConfiguration section */

/* Begin XCConfigurationList section */
		F66AA1F62A2746DC003BB996 /* Build configuration list for PBXProject "ProjectX" */ = {
			isa = XCConfigurationList;
			buildConfigurations = (
				F66AA21D2A2746DD003BB996 /* Debug */,
				F66AA21E2A2746DD003BB996 /* Release */,
			);
			defaultConfigurationIsVisible = 0;
			defaultConfigurationName = Release;
		};
		F66AA21F2A2746DD003BB996 /* Build configuration list for PBXNativeTarget "ProjectX" */ = {
			isa = XCConfigurationList;
			buildConfigurations = (
				F66AA2202A2746DD003BB996 /* Debug */,
				F66AA2212A2746DD003BB996 /* Release */,
			);
			defaultConfigurationIsVisible = 0;
			defaultConfigurationName = Release;
		};
		F66AA2222A2746DD003BB996 /* Build configuration list for PBXNativeTarget "ProjectXTests" */ = {
			isa = XCConfigurationList;
			buildConfigurations = (
				F66AA2232A2746DD003BB996 /* Debug */,
				F66AA2242A2746DD003BB996 /* Release */,
			);
			defaultConfigurationIsVisible = 0;
			defaultConfigurationName = Release;
		};
		F66AA2252A2746DD003BB996 /* Build configuration list for PBXNativeTarget "ProjectXUITests" */ = {
			isa = XCConfigurationList;
			buildConfigurations = (
				F66AA2262A2746DD003BB996 /* Debug */,
				F66AA2272A2746DD003BB996 /* Release */,
			);
			defaultConfigurationIsVisible = 0;
			defaultConfigurationName = Release;
		};
/* End XCConfigurationList section */
	};
	rootObject = F66AA1F32A2746DC003BB996 /* Project object */;
}
